// !$*UTF8*$!
{
	archiveVersion = 1;
	classes = {
	};
	objectVersion = 46;
	objects = {

/* Begin PBXBuildFile section */
		04EE6C9A1A38107200F7E38C /* main.cpp in Sources */ = {isa = PBXBuildFile; fileRef = 04EE6C991A38107200F7E38C /* main.cpp */; };
		04EE6C9C1A38107200F7E38C /* removeDuplicates.1 in CopyFiles */ = {isa = PBXBuildFile; fileRef = 04EE6C9B1A38107200F7E38C /* removeDuplicates.1 */; };
/* End PBXBuildFile section */

/* Begin PBXCopyFilesBuildPhase section */
		04EE6C941A38107200F7E38C /* CopyFiles */ = {
			isa = PBXCopyFilesBuildPhase;
			buildActionMask = 2147483647;
			dstPath = /usr/share/man/man1/;
			dstSubfolderSpec = 0;
			files = (
				04EE6C9C1A38107200F7E38C /* removeDuplicates.1 in CopyFiles */,
			);
			runOnlyForDeploymentPostprocessing = 1;
		};
/* End PBXCopyFilesBuildPhase section */

/* Begin PBXFileReference section */
		04EE6C961A38107200F7E38C /* removeDuplicates */ = {isa = PBXFileReference; explicitFileType = "compiled.mach-o.executable"; includeInIndex = 0; path = removeDuplicates; sourceTree = BUILT_PRODUCTS_DIR; };
		04EE6C991A38107200F7E38C /* main.cpp */ = {isa = PBXFileReference; lastKnownFileType = sourcecode.cpp.cpp; path = main.cpp; sourceTree = "<group>"; };
		04EE6C9B1A38107200F7E38C /* removeDuplicates.1 */ = {isa = PBXFileReference; lastKnownFileType = text.man; path = removeDuplicates.1; sourceTree = "<group>"; };
/* End PBXFileReference section */

/* Begin PBXFrameworksBuildPhase section */
		04EE6C931A38107200F7E38C /* Frameworks */ = {
			isa = PBXFrameworksBuildPhase;
			buildActionMask = 2147483647;
			files = (
			);
			runOnlyForDeploymentPostprocessing = 0;
		};
/* End PBXFrameworksBuildPhase section */

/* Begin PBXGroup section */
		04EE6C8D1A38107200F7E38C = {
			isa = PBXGroup;
			children = (
				04EE6C981A38107200F7E38C /* removeDuplicates */,
				04EE6C971A38107200F7E38C /* Products */,
			);
			sourceTree = "<group>";
		};
		04EE6C971A38107200F7E38C /* Products */ = {
			isa = PBXGroup;
			children = (
				04EE6C961A38107200F7E38C /* removeDuplicates */,
			);
			name = Products;
			sourceTree = "<group>";
		};
		04EE6C981A38107200F7E38C /* removeDuplicates */ = {
			isa = PBXGroup;
			children = (
				04EE6C991A38107200F7E38C /* main.cpp */,
				04EE6C9B1A38107200F7E38C /* removeDuplicates.1 */,
			);
			path = removeDuplicates;
			sourceTree = "<group>";
		};
/* End PBXGroup section */

/* Begin PBXNativeTarget section */
		04EE6C951A38107200F7E38C /* removeDuplicates */ = {
			isa = PBXNativeTarget;
			buildConfigurationList = 04EE6C9F1A38107200F7E38C /* Build configuration list for PBXNativeTarget "removeDuplicates" */;
			buildPhases = (
				04EE6C921A38107200F7E38C /* Sources */,
				04EE6C931A38107200F7E38C /* Frameworks */,
				04EE6C941A38107200F7E38C /* CopyFiles */,
			);
			buildRules = (
			);
			dependencies = (
			);
			name = removeDuplicates;
			productName = removeDuplicates;
			productReference = 04EE6C961A38107200F7E38C /* removeDuplicates */;
			productType = "com.apple.product-type.tool";
		};
/* End PBXNativeTarget section */

/* Begin PBXProject section */
		04EE6C8E1A38107200F7E38C /* Project object */ = {
			isa = PBXProject;
			attributes = {
				LastUpgradeCheck = 0510;
				ORGANIZATIONNAME = "ZheJiang University Luop";
			};
			buildConfigurationList = 04EE6C911A38107200F7E38C /* Build configuration list for PBXProject "removeDuplicates" */;
			compatibilityVersion = "Xcode 3.2";
			developmentRegion = English;
			hasScannedForEncodings = 0;
			knownRegions = (
				en,
			);
			mainGroup = 04EE6C8D1A38107200F7E38C;
			productRefGroup = 04EE6C971A38107200F7E38C /* Products */;
			projectDirPath = "";
			projectRoot = "";
			targets = (
				04EE6C951A38107200F7E38C /* removeDuplicates */,
			);
		};
/* End PBXProject section */

/* Begin PBXSourcesBuildPhase section */
		04EE6C921A38107200F7E38C /* Sources */ = {
			isa = PBXSourcesBuildPhase;
			buildActionMask = 2147483647;
			files = (
				04EE6C9A1A38107200F7E38C /* main.cpp in Sources */,
			);
			runOnlyForDeploymentPostprocessing = 0;
		};
/* End PBXSourcesBuildPhase section */

/* Begin XCBuildConfiguration section */
		04EE6C9D1A38107200F7E38C /* Debug */ = {
			isa = XCBuildConfiguration;
			buildSettings = {
				ALWAYS_SEARCH_USER_PATHS = NO;
				CLANG_CXX_LANGUAGE_STANDARD = "gnu++0x";
				CLANG_CXX_LIBRARY = "libc++";
				CLANG_ENABLE_MODULES = YES;
				CLANG_ENABLE_OBJC_ARC = YES;
				CLANG_WARN_BOOL_CONVERSION = YES;
				CLANG_WARN_CONSTANT_CONVERSION = YES;
				CLANG_WARN_DIRECT_OBJC_ISA_USAGE = YES_ERROR;
				CLANG_WARN_EMPTY_BODY = YES;
				CLANG_WARN_ENUM_CONVERSION = YES;
				CLANG_WARN_INT_CONVERSION = YES;
				CLANG_WARN_OBJC_ROOT_CLASS = YES_ERROR;
				CLANG_WARN__DUPLICATE_METHOD_MATCH = YES;
				COPY_PHASE_STRIP = NO;
				GCC_C_LANGUAGE_STANDARD = gnu99;
				GCC_DYNAMIC_NO_PIC = NO;
				GCC_ENABLE_OBJC_EXCEPTIONS = YES;
				GCC_OPTIMIZATION_LEVEL = 0;
				GCC_PREPROCESSOR_DEFINITIONS = (
					"DEBUG=1",
					"$(inherited)",
				);
				GCC_SYMBOLS_PRIVATE_EXTERN = NO;
				GCC_WARN_64_TO_32_BIT_CONVERSION = YES;
				GCC_WARN_ABOUT_RETURN_TYPE = YES_ERROR;
				GCC_WARN_UNDECLARED_SELECTOR = YES;
				GCC_WARN_UNINITIALIZED_AUTOS = YES_AGGRESSIVE;
				GCC_WARN_UNUSED_FUNCTION = YES;
				GCC_WARN_UNUSED_VARIABLE = YES;
				MACOSX_DEPLOYMENT_TARGET = 10.9;
				ONLY_ACTIVE_ARCH = YES;
				SDKROOT = macosx;
			};
			name = Debug;
		};
		04EE6C9E1A38107200F7E38C /* Release */ = {
			isa = XCBuildConfiguration;
			buildSettings = {
				ALWAYS_SEARCH_USER_PATHS = NO;
				CLANG_CXX_LANGUAGE_STANDARD = "gnu++0x";
				CLANG_CXX_LIBRARY = "libc++";
				CLANG_ENABLE_MODULES = YES;
				CLANG_ENABLE_OBJC_ARC = YES;
				CLANG_WARN_BOOL_CONVERSION = YES;
				CLANG_WARN_CONSTANT_CONVERSION = YES;
				CLANG_WARN_DIRECT_OBJC_ISA_USAGE = YES_ERROR;
				CLANG_WARN_EMPTY_BODY = YES;
				CLANG_WARN_ENUM_CONVERSION = YES;
				CLANG_WARN_INT_CONVERSION = YES;
				CLANG_WARN_OBJC_ROOT_CLASS = YES_ERROR;
				CLANG_WARN__DUPLICATE_METHOD_MATCH = YES;
				COPY_PHASE_STRIP = YES;
				DEBUG_INFORMATION_FORMAT = "dwarf-with-dsym";
				ENABLE_NS_ASSERTIONS = NO;
				GCC_C_LANGUAGE_STANDARD = gnu99;
				GCC_ENABLE_OBJC_EXCEPTIONS = YES;
				GCC_WARN_64_TO_32_BIT_CONVERSION = YES;
				GCC_WARN_ABOUT_RETURN_TYPE = YES_ERROR;
				GCC_WARN_UNDECLARED_SELECTOR = YES;
				GCC_WARN_UNINITIALIZED_AUTOS = YES_AGGRESSIVE;
				GCC_WARN_UNUSED_FUNCTION = YES;
				GCC_WARN_UNUSED_VARIABLE = YES;
				MACOSX_DEPLOYMENT_TARGET = 10.9;
				SDKROOT = macosx;
			};
			name = Release;
		};
		04EE6CA01A38107200F7E38C /* Debug */ = {
			isa = XCBuildConfiguration;
			buildSettings = {
				PRODUCT_NAME = "$(TARGET_NAME)";
			};
			name = Debug;
		};
		04EE6CA11A38107200F7E38C /* Release */ = {
			isa = XCBuildConfiguration;
			buildSettings = {
				PRODUCT_NAME = "$(TARGET_NAME)";
			};
			name = Release;
		};
/* End XCBuildConfiguration section */

/* Begin XCConfigurationList section */
		04EE6C911A38107200F7E38C /* Build configuration list for PBXProject "removeDuplicates" */ = {
			isa = XCConfigurationList;
			buildConfigurations = (
				04EE6C9D1A38107200F7E38C /* Debug */,
				04EE6C9E1A38107200F7E38C /* Release */,
			);
			defaultConfigurationIsVisible = 0;
			defaultConfigurationName = Release;
		};
		04EE6C9F1A38107200F7E38C /* Build configuration list for PBXNativeTarget "removeDuplicates" */ = {
			isa = XCConfigurationList;
			buildConfigurations = (
				04EE6CA01A38107200F7E38C /* Debug */,
				04EE6CA11A38107200F7E38C /* Release */,
			);
			defaultConfigurationIsVisible = 0;
		};
/* End XCConfigurationList section */
	};
	rootObject = 04EE6C8E1A38107200F7E38C /* Project object */;
}
